
Microsoft Visual Studio Solution File, Format Version 12.00
# Visual Studio Version 16
VisualStudioVersion = 16.0.29609.76
MinimumVisualStudioVersion = 10.0.40219.1
Project("{FAE04EC0-301F-11D3-BF4B-00C04F79EFBC}") = "CARGAS_DE_VENTO_REV00", "CARGAS_DE_VENTO_REV00\CARGAS_DE_VENTO_REV00.csproj", "{7FB4E16E-3ADD-4B08-8E6B-EA4728832489}"
EndProject
Global
	GlobalSection(SolutionConfigurationPlatforms) = preSolution
		Debug|Any CPU = Debug|Any CPU
		Release|Any CPU = Release|Any CPU
	EndGlobalSection
	GlobalSection(ProjectConfigurationPlatforms) = postSolution
		{7FB4E16E-3ADD-4B08-8E6B-EA4728832489}.Debug|Any CPU.ActiveCfg = Debug|Any CPU
		{7FB4E16E-3ADD-4B08-8E6B-EA4728832489}.Debug|Any CPU.Build.0 = Debug|Any CPU
		{7FB4E16E-3ADD-4B08-8E6B-EA4728832489}.Release|Any CPU.ActiveCfg = Release|Any CPU
		{7FB4E16E-3ADD-4B08-8E6B-EA4728832489}.Release|Any CPU.Build.0 = Release|Any CPU
	EndGlobalSection
	GlobalSection(SolutionProperties) = preSolution
		HideSolutionNode = FALSE
	EndGlobalSection
	GlobalSection(ExtensibilityGlobals) = postSolution
		SolutionGuid = {9B3D66BE-773B-4650-B6B7-A01DF475EE1F}
	EndGlobalSection
EndGlobal
